# THIS IS AN AUTOGENERATED FILE. DO NOT EDIT THIS FILE DIRECTLY.
# yarn lockfile v1


hao-events@^1.0.1:
  version "1.0.1"
  resolved "https://registry.npmmirror.com/hao-events/-/hao-events-1.0.1.tgz#6a38c06377fce06dca40ec02c4f08d2ae6d434fb"
  integrity sha512-oTaAvQEBCWqm7euEwB4UP3PwC51yHVrY2riLNTrwpKqrEcHyTYwp5NxkbnvvgnaPx3tdeBTmtNg40v6lKLm2UA==
